
Microsoft Visual Studio Solution File, Format Version 12.00
# Visual Studio Version 17
VisualStudioVersion = 17.6.33723.286
MinimumVisualStudioVersion = 10.0.40219.1
Project("{8BC9CEB8-8B4A-11D0-8D11-00A0C91BC942}") = "LightWeight_HW(LightWeight_Pattern_03.04)", "LightWeight_HW(LightWeight_Pattern_03.04)\LightWeight_HW(LightWeight_Pattern_03.04).vcxproj", "{8FC1B8AD-7D91-4560-93C5-5FA2D27BD69F}"
EndProject
Global
	GlobalSection(SolutionConfigurationPlatforms) = preSolution
		Debug|x64 = Debug|x64
		Debug|x86 = Debug|x86
		Release|x64 = Release|x64
		Release|x86 = Release|x86
	EndGlobalSection
	GlobalSection(ProjectConfigurationPlatforms) = postSolution
		{8FC1B8AD-7D91-4560-93C5-5FA2D27BD69F}.Debug|x64.ActiveCfg = Debug|x64
		{8FC1B8AD-7D91-4560-93C5-5FA2D27BD69F}.Debug|x64.Build.0 = Debug|x64
		{8FC1B8AD-7D91-4560-93C5-5FA2D27BD69F}.Debug|x86.ActiveCfg = Debug|Win32
		{8FC1B8AD-7D91-4560-93C5-5FA2D27BD69F}.Debug|x86.Build.0 = Debug|Win32
		{8FC1B8AD-7D91-4560-93C5-5FA2D27BD69F}.Release|x64.ActiveCfg = Release|x64
		{8FC1B8AD-7D91-4560-93C5-5FA2D27BD69F}.Release|x64.Build.0 = Release|x64
		{8FC1B8AD-7D91-4560-93C5-5FA2D27BD69F}.Release|x86.ActiveCfg = Release|Win32
		{8FC1B8AD-7D91-4560-93C5-5FA2D27BD69F}.Release|x86.Build.0 = Release|Win32
	EndGlobalSection
	GlobalSection(SolutionProperties) = preSolution
		HideSolutionNode = FALSE
	EndGlobalSection
	GlobalSection(ExtensibilityGlobals) = postSolution
		SolutionGuid = {5AE91D1A-198F-40EB-88B9-3A1FF053AAFC}
	EndGlobalSection
EndGlobal
